
Microsoft Visual Studio Solution File, Format Version 12.00
# Visual Studio Version 17
VisualStudioVersion = 17.5.33530.505
MinimumVisualStudioVersion = 10.0.40219.1
Project("{FAE04EC0-301F-11D3-BF4B-00C04F79EFBC}") = "InventarioV1.0", "InventarioV1.0\InventarioV1.0.csproj", "{B9FA7F7E-C41F-4251-BED6-A4CAEB364451}"
EndProject
Global
	GlobalSection(SolutionConfigurationPlatforms) = preSolution
		Debug|Any CPU = Debug|Any CPU
		Release|Any CPU = Release|Any CPU
	EndGlobalSection
	GlobalSection(ProjectConfigurationPlatforms) = postSolution
		{B9FA7F7E-C41F-4251-BED6-A4CAEB364451}.Debug|Any CPU.ActiveCfg = Debug|Any CPU
		{B9FA7F7E-C41F-4251-BED6-A4CAEB364451}.Debug|Any CPU.Build.0 = Debug|Any CPU
		{B9FA7F7E-C41F-4251-BED6-A4CAEB364451}.Release|Any CPU.ActiveCfg = Release|Any CPU
		{B9FA7F7E-C41F-4251-BED6-A4CAEB364451}.Release|Any CPU.Build.0 = Release|Any CPU
	EndGlobalSection
	GlobalSection(SolutionProperties) = preSolution
		HideSolutionNode = FALSE
	EndGlobalSection
	GlobalSection(ExtensibilityGlobals) = postSolution
		SolutionGuid = {806C6811-9BC3-410D-99FD-72926E04183C}
	EndGlobalSection
EndGlobal
